
Microsoft Visual Studio Solution File, Format Version 12.00
# Visual Studio Version 17
VisualStudioVersion = 17.4.33103.184
MinimumVisualStudioVersion = 10.0.40219.1
Project("{FAE04EC0-301F-11D3-BF4B-00C04F79EFBC}") = "WeatherAppProject", "WeatherAppProject\WeatherAppProject.csproj", "{C0ECB2A4-63BE-4750-AA1C-0A291AE8826A}"
EndProject
Global
	GlobalSection(SolutionConfigurationPlatforms) = preSolution
		Debug|Any CPU = Debug|Any CPU
		Release|Any CPU = Release|Any CPU
	EndGlobalSection
	GlobalSection(ProjectConfigurationPlatforms) = postSolution
		{C0ECB2A4-63BE-4750-AA1C-0A291AE8826A}.Debug|Any CPU.ActiveCfg = Debug|Any CPU
		{C0ECB2A4-63BE-4750-AA1C-0A291AE8826A}.Debug|Any CPU.Build.0 = Debug|Any CPU
		{C0ECB2A4-63BE-4750-AA1C-0A291AE8826A}.Release|Any CPU.ActiveCfg = Release|Any CPU
		{C0ECB2A4-63BE-4750-AA1C-0A291AE8826A}.Release|Any CPU.Build.0 = Release|Any CPU
	EndGlobalSection
	GlobalSection(SolutionProperties) = preSolution
		HideSolutionNode = FALSE
	EndGlobalSection
	GlobalSection(ExtensibilityGlobals) = postSolution
		SolutionGuid = {3559584F-984D-471C-8094-C1EFAE6DF5A3}
	EndGlobalSection
EndGlobal
